PODS:
  - barcode_generator (0.0.1):
    - Flutter
    - ZXingObjC (~> 3.6.4)
  - Flutter (1.0.0)
  - ZXingObjC (3.6.5):
    - ZXingObjC/All (= 3.6.5)
  - ZXingObjC/All (3.6.5)

DEPENDENCIES:
  - barcode_generator (from `.symlinks/plugins/barcode_generator/ios`)
  - Flutter (from `.symlinks/flutter/ios`)

SPEC REPOS:
  https://github.com/cocoapods/specs.git:
    - ZXingObjC

EXTERNAL SOURCES:
  barcode_generator:
    :path: ".symlinks/plugins/barcode_generator/ios"
  Flutter:
    :path: ".symlinks/flutter/ios"

SPEC CHECKSUMS:
  barcode_generator: bfc7fc35a8b9a421f756d066e38c6020743d3c15
  Flutter: 58dd7d1b27887414a370fcccb9e645c08ffd7a6a
  ZXingObjC: fdbb269f25dd2032da343e06f10224d62f537bdb

PODFILE CHECKSUM: ebd43b443038e611b86ede96e613bd6033c49497

COCOAPODS: 1.6.1
