PODS:
  - barcode_generator (0.0.1):
    - Flutter
    - ZXingObjC
  - Flutter (1.0.0)
  - ZXingObjC (3.6.5):
    - ZXingObjC/All (= 3.6.5)
  - ZXingObjC/All (3.6.5)

DEPENDENCIES:
  - barcode_generator (from `.symlinks/plugins/barcode_generator/ios`)
  - Flutter (from `.symlinks/flutter/ios`)

SPEC REPOS:
  https://github.com/cocoapods/specs.git:
    - ZXingObjC

EXTERNAL SOURCES:
  barcode_generator:
    :path: ".symlinks/plugins/barcode_generator/ios"
  Flutter:
    :path: ".symlinks/flutter/ios"

SPEC CHECKSUMS:
  barcode_generator: 71ccb42218ae56922038048a9efd3936e0a5650c
  Flutter: 58dd7d1b27887414a370fcccb9e645c08ffd7a6a
  ZXingObjC: fdbb269f25dd2032da343e06f10224d62f537bdb

PODFILE CHECKSUM: f0f73ee6fbcf1125e38d6502e5a6c89a3f8e66a0

COCOAPODS: 1.6.1
